// !$*UTF8*$!
{
	archiveVersion = 1;
	classes = {
	};
	objectVersion = 56;
	objects = {

/* Begin PBXGroup section */
		182605702AA9A3360026D7A6 = {
			isa = PBXGroup;
			children = (
			);
			sourceTree = "<group>";
		};
/* End PBXGroup section */

/* Begin PBXProject section */
		182605712AA9A3360026D7A6 /* Project object */ = {
			isa = PBXProject;
			attributes = {
				BuildIndependentTargetsInParallel = 1;
				LastUpgradeCheck = 1420;
			};
			buildConfigurationList = 182605742AA9A3360026D7A6 /* Build configuration list for PBXProject "BuilderPattern" */;
			compatibilityVersion = "Xcode 14.0";
			developmentRegion = en;
			hasScannedForEncodings = 0;
			knownRegions = (
				en,
				Base,
			);
			mainGroup = 182605702AA9A3360026D7A6;
			projectDirPath = "";
			projectRoot = "";
			targets = (
			);
		};
/* End PBXProject section */

/* Begin XCBuildConfiguration section */
		182605752AA9A3360026D7A6 /* Debug */ = {
			isa = XCBuildConfiguration;
			buildSettings = {
			};
			name = Debug;
		};
		182605762AA9A3360026D7A6 /* Release */ = {
			isa = XCBuildConfiguration;
			buildSettings = {
			};
			name = Release;
		};
/* End XCBuildConfiguration section */

/* Begin XCConfigurationList section */
		182605742AA9A3360026D7A6 /* Build configuration list for PBXProject "BuilderPattern" */ = {
			isa = XCConfigurationList;
			buildConfigurations = (
				182605752AA9A3360026D7A6 /* Debug */,
				182605762AA9A3360026D7A6 /* Release */,
			);
			defaultConfigurationIsVisible = 0;
			defaultConfigurationName = Release;
		};
/* End XCConfigurationList section */
	};
	rootObject = 182605712AA9A3360026D7A6 /* Project object */;
}
